
Microsoft Visual Studio Solution File, Format Version 11.00
# Visual Studio 2010
Project("{FAE04EC0-301F-11D3-BF4B-00C04F79EFBC}") = "lab4cnumbertoarr", "lab4cnumbertoarr\lab4cnumbertoarr.csproj", "{E610E157-C5FE-4AA0-ACC7-619929B19EC2}"
EndProject
Global
	GlobalSection(SolutionConfigurationPlatforms) = preSolution
		Debug|x86 = Debug|x86
		Release|x86 = Release|x86
	EndGlobalSection
	GlobalSection(ProjectConfigurationPlatforms) = postSolution
		{E610E157-C5FE-4AA0-ACC7-619929B19EC2}.Debug|x86.ActiveCfg = Debug|x86
		{E610E157-C5FE-4AA0-ACC7-619929B19EC2}.Debug|x86.Build.0 = Debug|x86
		{E610E157-C5FE-4AA0-ACC7-619929B19EC2}.Release|x86.ActiveCfg = Release|x86
		{E610E157-C5FE-4AA0-ACC7-619929B19EC2}.Release|x86.Build.0 = Release|x86
	EndGlobalSection
	GlobalSection(SolutionProperties) = preSolution
		HideSolutionNode = FALSE
	EndGlobalSection
EndGlobal
